// !$*UTF8*$!
{
	archiveVersion = 1;
	classes = {
	};
	objectVersion = 56;
	objects = {

/* Begin PBXBuildFile section */
		948973352BEF31EE0072AA66 /* AnimeApp.swift in Sources */ = {isa = PBXBuildFile; fileRef = 948973342BEF31EE0072AA66 /* AnimeApp.swift */; };
		948973372BEF31EE0072AA66 /* ContentView.swift in Sources */ = {isa = PBXBuildFile; fileRef = 948973362BEF31EE0072AA66 /* ContentView.swift */; };
		948973392BEF31F00072AA66 /* Assets.xcassets in Resources */ = {isa = PBXBuildFile; fileRef = 948973382BEF31F00072AA66 /* Assets.xcassets */; };
		9489733C2BEF31F00072AA66 /* Preview Assets.xcassets in Resources */ = {isa = PBXBuildFile; fileRef = 9489733B2BEF31F00072AA66 /* Preview Assets.xcassets */; };
		948973462BEF4CD10072AA66 /* Anime.swift in Sources */ = {isa = PBXBuildFile; fileRef = 948973452BEF4CD10072AA66 /* Anime.swift */; };
		948973482BEF56390072AA66 /* ModelData.swift in Sources */ = {isa = PBXBuildFile; fileRef = 948973472BEF56390072AA66 /* ModelData.swift */; };
		9489734A2BEF56A30072AA66 /* AnimeRow.swift in Sources */ = {isa = PBXBuildFile; fileRef = 948973492BEF56A30072AA66 /* AnimeRow.swift */; };
		9489734C2BEF969D0072AA66 /* animeData.json in Resources */ = {isa = PBXBuildFile; fileRef = 9489734B2BEF969D0072AA66 /* animeData.json */; };
		948973522BEFB1A70072AA66 /* AnimeList.swift in Sources */ = {isa = PBXBuildFile; fileRef = 948973512BEFB1A70072AA66 /* AnimeList.swift */; };
		948973542BEFB3430072AA66 /* AnimeDetail.swift in Sources */ = {isa = PBXBuildFile; fileRef = 948973532BEFB3430072AA66 /* AnimeDetail.swift */; };
		948973562BEFC4490072AA66 /* ImageView.swift in Sources */ = {isa = PBXBuildFile; fileRef = 948973552BEFC4490072AA66 /* ImageView.swift */; };
		948973582BEFC8F70072AA66 /* MapView.swift in Sources */ = {isa = PBXBuildFile; fileRef = 948973572BEFC8F70072AA66 /* MapView.swift */; };
		9489735A2BF097120072AA66 /* FavoriteButton.swift in Sources */ = {isa = PBXBuildFile; fileRef = 948973592BF097120072AA66 /* FavoriteButton.swift */; };
		948973662BF219090072AA66 /* ActionSheet.swift in Sources */ = {isa = PBXBuildFile; fileRef = 948973652BF219090072AA66 /* ActionSheet.swift */; };
		9489737E2BF592590072AA66 /* AddAnimeSheet.swift in Sources */ = {isa = PBXBuildFile; fileRef = 9489737D2BF592590072AA66 /* AddAnimeSheet.swift */; };
		9489738F2BF73BEF0072AA66 /* Anime.xcdatamodeld in Sources */ = {isa = PBXBuildFile; fileRef = 9489738D2BF73BEF0072AA66 /* Anime.xcdatamodeld */; };
		948973922BF745AD0072AA66 /* AnimeData+CoreDataClass.swift in Sources */ = {isa = PBXBuildFile; fileRef = 948973902BF745AD0072AA66 /* AnimeData+CoreDataClass.swift */; };
		948973932BF745AD0072AA66 /* AnimeData+CoreDataProperties.swift in Sources */ = {isa = PBXBuildFile; fileRef = 948973912BF745AD0072AA66 /* AnimeData+CoreDataProperties.swift */; };
		948973952BF746A80072AA66 /* CoreDataManager.swift in Sources */ = {isa = PBXBuildFile; fileRef = 948973942BF746A80072AA66 /* CoreDataManager.swift */; };
		948973972BF75E4D0072AA66 /* AnimeListCore.swift in Sources */ = {isa = PBXBuildFile; fileRef = 948973962BF75E4D0072AA66 /* AnimeListCore.swift */; };
		9489739B2BF770250072AA66 /* AnimeDetailCore.swift in Sources */ = {isa = PBXBuildFile; fileRef = 9489739A2BF770250072AA66 /* AnimeDetailCore.swift */; };
/* End PBXBuildFile section */

/* Begin PBXFileReference section */
		948973312BEF31EE0072AA66 /* Anime.app */ = {isa = PBXFileReference; explicitFileType = wrapper.application; includeInIndex = 0; path = Anime.app; sourceTree = BUILT_PRODUCTS_DIR; };
		948973342BEF31EE0072AA66 /* AnimeApp.swift */ = {isa = PBXFileReference; lastKnownFileType = sourcecode.swift; path = AnimeApp.swift; sourceTree = "<group>"; };
		948973362BEF31EE0072AA66 /* ContentView.swift */ = {isa = PBXFileReference; lastKnownFileType = sourcecode.swift; path = ContentView.swift; sourceTree = "<group>"; };
		948973382BEF31F00072AA66 /* Assets.xcassets */ = {isa = PBXFileReference; lastKnownFileType = folder.assetcatalog; path = Assets.xcassets; sourceTree = "<group>"; };
		9489733B2BEF31F00072AA66 /* Preview Assets.xcassets */ = {isa = PBXFileReference; lastKnownFileType = folder.assetcatalog; path = "Preview Assets.xcassets"; sourceTree = "<group>"; };
		948973452BEF4CD10072AA66 /* Anime.swift */ = {isa = PBXFileReference; lastKnownFileType = sourcecode.swift; path = Anime.swift; sourceTree = "<group>"; };
		948973472BEF56390072AA66 /* ModelData.swift */ = {isa = PBXFileReference; lastKnownFileType = sourcecode.swift; path = ModelData.swift; sourceTree = "<group>"; };
		948973492BEF56A30072AA66 /* AnimeRow.swift */ = {isa = PBXFileReference; lastKnownFileType = sourcecode.swift; path = AnimeRow.swift; sourceTree = "<group>"; };
		9489734B2BEF969D0072AA66 /* animeData.json */ = {isa = PBXFileReference; lastKnownFileType = text.json; path = animeData.json; sourceTree = "<group>"; };
		948973512BEFB1A70072AA66 /* AnimeList.swift */ = {isa = PBXFileReference; lastKnownFileType = sourcecode.swift; path = AnimeList.swift; sourceTree = "<group>"; };
		948973532BEFB3430072AA66 /* AnimeDetail.swift */ = {isa = PBXFileReference; lastKnownFileType = sourcecode.swift; path = AnimeDetail.swift; sourceTree = "<group>"; };
		948973552BEFC4490072AA66 /* ImageView.swift */ = {isa = PBXFileReference; lastKnownFileType = sourcecode.swift; path = ImageView.swift; sourceTree = "<group>"; };
		948973572BEFC8F70072AA66 /* MapView.swift */ = {isa = PBXFileReference; lastKnownFileType = sourcecode.swift; path = MapView.swift; sourceTree = "<group>"; };
		948973592BF097120072AA66 /* FavoriteButton.swift */ = {isa = PBXFileReference; lastKnownFileType = sourcecode.swift; path = FavoriteButton.swift; sourceTree = "<group>"; };
		948973652BF219090072AA66 /* ActionSheet.swift */ = {isa = PBXFileReference; lastKnownFileType = sourcecode.swift; path = ActionSheet.swift; sourceTree = "<group>"; };
		9489737D2BF592590072AA66 /* AddAnimeSheet.swift */ = {isa = PBXFileReference; lastKnownFileType = sourcecode.swift; path = AddAnimeSheet.swift; sourceTree = "<group>"; };
		9489738E2BF73BEF0072AA66 /* Anime.xcdatamodel */ = {isa = PBXFileReference; lastKnownFileType = wrapper.xcdatamodel; path = Anime.xcdatamodel; sourceTree = "<group>"; };
		948973902BF745AD0072AA66 /* AnimeData+CoreDataClass.swift */ = {isa = PBXFileReference; lastKnownFileType = sourcecode.swift; path = "AnimeData+CoreDataClass.swift"; sourceTree = "<group>"; };
		948973912BF745AD0072AA66 /* AnimeData+CoreDataProperties.swift */ = {isa = PBXFileReference; lastKnownFileType = sourcecode.swift; path = "AnimeData+CoreDataProperties.swift"; sourceTree = "<group>"; };
		948973942BF746A80072AA66 /* CoreDataManager.swift */ = {isa = PBXFileReference; lastKnownFileType = sourcecode.swift; path = CoreDataManager.swift; sourceTree = "<group>"; };
		948973962BF75E4D0072AA66 /* AnimeListCore.swift */ = {isa = PBXFileReference; lastKnownFileType = sourcecode.swift; path = AnimeListCore.swift; sourceTree = "<group>"; };
		9489739A2BF770250072AA66 /* AnimeDetailCore.swift */ = {isa = PBXFileReference; lastKnownFileType = sourcecode.swift; path = AnimeDetailCore.swift; sourceTree = "<group>"; };
/* End PBXFileReference section */

/* Begin PBXFrameworksBuildPhase section */
		9489732E2BEF31EE0072AA66 /* Frameworks */ = {
			isa = PBXFrameworksBuildPhase;
			buildActionMask = 2147483647;
			files = (
			);
			runOnlyForDeploymentPostprocessing = 0;
		};
/* End PBXFrameworksBuildPhase section */

/* Begin PBXGroup section */
		948973282BEF31EE0072AA66 = {
			isa = PBXGroup;
			children = (
				948973902BF745AD0072AA66 /* AnimeData+CoreDataClass.swift */,
				948973912BF745AD0072AA66 /* AnimeData+CoreDataProperties.swift */,
				948973332BEF31EE0072AA66 /* Anime */,
				948973322BEF31EE0072AA66 /* Products */,
			);
			sourceTree = "<group>";
		};
		948973322BEF31EE0072AA66 /* Products */ = {
			isa = PBXGroup;
			children = (
				948973312BEF31EE0072AA66 /* Anime.app */,
			);
			name = Products;
			sourceTree = "<group>";
		};
		948973332BEF31EE0072AA66 /* Anime */ = {
			isa = PBXGroup;
			children = (
				9489735B2BF097AD0072AA66 /* Helper */,
				948973442BEF326B0072AA66 /* Resources */,
				948973432BEF325B0072AA66 /* Model */,
				948973422BEF32510072AA66 /* Views */,
				948973342BEF31EE0072AA66 /* AnimeApp.swift */,
				948973382BEF31F00072AA66 /* Assets.xcassets */,
				9489733A2BEF31F00072AA66 /* Preview Content */,
				9489738D2BF73BEF0072AA66 /* Anime.xcdatamodeld */,
			);
			path = Anime;
			sourceTree = "<group>";
		};
		9489733A2BEF31F00072AA66 /* Preview Content */ = {
			isa = PBXGroup;
			children = (
				9489733B2BEF31F00072AA66 /* Preview Assets.xcassets */,
			);
			path = "Preview Content";
			sourceTree = "<group>";
		};
		948973422BEF32510072AA66 /* Views */ = {
			isa = PBXGroup;
			children = (
				948973362BEF31EE0072AA66 /* ContentView.swift */,
				948973492BEF56A30072AA66 /* AnimeRow.swift */,
				948973512BEFB1A70072AA66 /* AnimeList.swift */,
				948973532BEFB3430072AA66 /* AnimeDetail.swift */,
				948973652BF219090072AA66 /* ActionSheet.swift */,
				9489737D2BF592590072AA66 /* AddAnimeSheet.swift */,
				948973962BF75E4D0072AA66 /* AnimeListCore.swift */,
				9489739A2BF770250072AA66 /* AnimeDetailCore.swift */,
			);
			path = Views;
			sourceTree = "<group>";
		};
		948973432BEF325B0072AA66 /* Model */ = {
			isa = PBXGroup;
			children = (
				948973452BEF4CD10072AA66 /* Anime.swift */,
				948973472BEF56390072AA66 /* ModelData.swift */,
				948973942BF746A80072AA66 /* CoreDataManager.swift */,
			);
			path = Model;
			sourceTree = "<group>";
		};
		948973442BEF326B0072AA66 /* Resources */ = {
			isa = PBXGroup;
			children = (
				9489734B2BEF969D0072AA66 /* animeData.json */,
			);
			path = Resources;
			sourceTree = "<group>";
		};
		9489735B2BF097AD0072AA66 /* Helper */ = {
			isa = PBXGroup;
			children = (
				948973592BF097120072AA66 /* FavoriteButton.swift */,
				948973552BEFC4490072AA66 /* ImageView.swift */,
				948973572BEFC8F70072AA66 /* MapView.swift */,
			);
			path = Helper;
			sourceTree = "<group>";
		};
/* End PBXGroup section */

/* Begin PBXNativeTarget section */
		948973302BEF31EE0072AA66 /* Anime */ = {
			isa = PBXNativeTarget;
			buildConfigurationList = 9489733F2BEF31F00072AA66 /* Build configuration list for PBXNativeTarget "Anime" */;
			buildPhases = (
				9489732D2BEF31EE0072AA66 /* Sources */,
				9489732E2BEF31EE0072AA66 /* Frameworks */,
				9489732F2BEF31EE0072AA66 /* Resources */,
			);
			buildRules = (
			);
			dependencies = (
			);
			name = Anime;
			productName = Anime;
			productReference = 948973312BEF31EE0072AA66 /* Anime.app */;
			productType = "com.apple.product-type.application";
		};
/* End PBXNativeTarget section */

/* Begin PBXProject section */
		948973292BEF31EE0072AA66 /* Project object */ = {
			isa = PBXProject;
			attributes = {
				BuildIndependentTargetsInParallel = 1;
				LastSwiftUpdateCheck = 1530;
				LastUpgradeCheck = 1530;
				TargetAttributes = {
					948973302BEF31EE0072AA66 = {
						CreatedOnToolsVersion = 15.3;
					};
				};
			};
			buildConfigurationList = 9489732C2BEF31EE0072AA66 /* Build configuration list for PBXProject "Anime" */;
			compatibilityVersion = "Xcode 14.0";
			developmentRegion = en;
			hasScannedForEncodings = 0;
			knownRegions = (
				en,
				Base,
			);
			mainGroup = 948973282BEF31EE0072AA66;
			productRefGroup = 948973322BEF31EE0072AA66 /* Products */;
			projectDirPath = "";
			projectRoot = "";
			targets = (
				948973302BEF31EE0072AA66 /* Anime */,
			);
		};
/* End PBXProject section */

/* Begin PBXResourcesBuildPhase section */
		9489732F2BEF31EE0072AA66 /* Resources */ = {
			isa = PBXResourcesBuildPhase;
			buildActionMask = 2147483647;
			files = (
				9489733C2BEF31F00072AA66 /* Preview Assets.xcassets in Resources */,
				9489734C2BEF969D0072AA66 /* animeData.json in Resources */,
				948973392BEF31F00072AA66 /* Assets.xcassets in Resources */,
			);
			runOnlyForDeploymentPostprocessing = 0;
		};
/* End PBXResourcesBuildPhase section */

/* Begin PBXSourcesBuildPhase section */
		9489732D2BEF31EE0072AA66 /* Sources */ = {
			isa = PBXSourcesBuildPhase;
			buildActionMask = 2147483647;
			files = (
				948973662BF219090072AA66 /* ActionSheet.swift in Sources */,
				948973562BEFC4490072AA66 /* ImageView.swift in Sources */,
				948973522BEFB1A70072AA66 /* AnimeList.swift in Sources */,
				948973372BEF31EE0072AA66 /* ContentView.swift in Sources */,
				9489735A2BF097120072AA66 /* FavoriteButton.swift in Sources */,
				948973482BEF56390072AA66 /* ModelData.swift in Sources */,
				9489739B2BF770250072AA66 /* AnimeDetailCore.swift in Sources */,
				948973972BF75E4D0072AA66 /* AnimeListCore.swift in Sources */,
				9489734A2BEF56A30072AA66 /* AnimeRow.swift in Sources */,
				948973542BEFB3430072AA66 /* AnimeDetail.swift in Sources */,
				948973922BF745AD0072AA66 /* AnimeData+CoreDataClass.swift in Sources */,
				948973932BF745AD0072AA66 /* AnimeData+CoreDataProperties.swift in Sources */,
				948973582BEFC8F70072AA66 /* MapView.swift in Sources */,
				948973352BEF31EE0072AA66 /* AnimeApp.swift in Sources */,
				9489738F2BF73BEF0072AA66 /* Anime.xcdatamodeld in Sources */,
				9489737E2BF592590072AA66 /* AddAnimeSheet.swift in Sources */,
				948973952BF746A80072AA66 /* CoreDataManager.swift in Sources */,
				948973462BEF4CD10072AA66 /* Anime.swift in Sources */,
			);
			runOnlyForDeploymentPostprocessing = 0;
		};
/* End PBXSourcesBuildPhase section */

/* Begin XCBuildConfiguration section */
		9489733D2BEF31F00072AA66 /* Debug */ = {
			isa = XCBuildConfiguration;
			buildSettings = {
				ALWAYS_SEARCH_USER_PATHS = NO;
				ASSETCATALOG_COMPILER_GENERATE_SWIFT_ASSET_SYMBOL_EXTENSIONS = YES;
				CLANG_ANALYZER_NONNULL = YES;
				CLANG_ANALYZER_NUMBER_OBJECT_CONVERSION = YES_AGGRESSIVE;
				CLANG_CXX_LANGUAGE_STANDARD = "gnu++20";
				CLANG_ENABLE_MODULES = YES;
				CLANG_ENABLE_OBJC_ARC = YES;
				CLANG_ENABLE_OBJC_WEAK = YES;
				CLANG_WARN_BLOCK_CAPTURE_AUTORELEASING = YES;
				CLANG_WARN_BOOL_CONVERSION = YES;
				CLANG_WARN_COMMA = YES;
				CLANG_WARN_CONSTANT_CONVERSION = YES;
				CLANG_WARN_DEPRECATED_OBJC_IMPLEMENTATIONS = YES;
				CLANG_WARN_DIRECT_OBJC_ISA_USAGE = YES_ERROR;
				CLANG_WARN_DOCUMENTATION_COMMENTS = YES;
				CLANG_WARN_EMPTY_BODY = YES;
				CLANG_WARN_ENUM_CONVERSION = YES;
				CLANG_WARN_INFINITE_RECURSION = YES;
				CLANG_WARN_INT_CONVERSION = YES;
				CLANG_WARN_NON_LITERAL_NULL_CONVERSION = YES;
				CLANG_WARN_OBJC_IMPLICIT_RETAIN_SELF = YES;
				CLANG_WARN_OBJC_LITERAL_CONVERSION = YES;
				CLANG_WARN_OBJC_ROOT_CLASS = YES_ERROR;
				CLANG_WARN_QUOTED_INCLUDE_IN_FRAMEWORK_HEADER = YES;
				CLANG_WARN_RANGE_LOOP_ANALYSIS = YES;
				CLANG_WARN_STRICT_PROTOTYPES = YES;
				CLANG_WARN_SUSPICIOUS_MOVE = YES;
				CLANG_WARN_UNGUARDED_AVAILABILITY = YES_AGGRESSIVE;
				CLANG_WARN_UNREACHABLE_CODE = YES;
				CLANG_WARN__DUPLICATE_METHOD_MATCH = YES;
				COPY_PHASE_STRIP = NO;
				DEBUG_INFORMATION_FORMAT = dwarf;
				ENABLE_STRICT_OBJC_MSGSEND = YES;
				ENABLE_TESTABILITY = YES;
				ENABLE_USER_SCRIPT_SANDBOXING = YES;
				GCC_C_LANGUAGE_STANDARD = gnu17;
				GCC_DYNAMIC_NO_PIC = NO;
				GCC_NO_COMMON_BLOCKS = YES;
				GCC_OPTIMIZATION_LEVEL = 0;
				GCC_PREPROCESSOR_DEFINITIONS = (
					"DEBUG=1",
					"$(inherited)",
				);
				GCC_WARN_64_TO_32_BIT_CONVERSION = YES;
				GCC_WARN_ABOUT_RETURN_TYPE = YES_ERROR;
				GCC_WARN_UNDECLARED_SELECTOR = YES;
				GCC_WARN_UNINITIALIZED_AUTOS = YES_AGGRESSIVE;
				GCC_WARN_UNUSED_FUNCTION = YES;
				GCC_WARN_UNUSED_VARIABLE = YES;
				IPHONEOS_DEPLOYMENT_TARGET = 17.4;
				LOCALIZATION_PREFERS_STRING_CATALOGS = YES;
				MTL_ENABLE_DEBUG_INFO = INCLUDE_SOURCE;
				MTL_FAST_MATH = YES;
				ONLY_ACTIVE_ARCH = YES;
				SDKROOT = iphoneos;
				SWIFT_ACTIVE_COMPILATION_CONDITIONS = "DEBUG $(inherited)";
				SWIFT_OPTIMIZATION_LEVEL = "-Onone";
			};
			name = Debug;
		};
		9489733E2BEF31F00072AA66 /* Release */ = {
			isa = XCBuildConfiguration;
			buildSettings = {
				ALWAYS_SEARCH_USER_PATHS = NO;
				ASSETCATALOG_COMPILER_GENERATE_SWIFT_ASSET_SYMBOL_EXTENSIONS = YES;
				CLANG_ANALYZER_NONNULL = YES;
				CLANG_ANALYZER_NUMBER_OBJECT_CONVERSION = YES_AGGRESSIVE;
				CLANG_CXX_LANGUAGE_STANDARD = "gnu++20";
				CLANG_ENABLE_MODULES = YES;
				CLANG_ENABLE_OBJC_ARC = YES;
				CLANG_ENABLE_OBJC_WEAK = YES;
				CLANG_WARN_BLOCK_CAPTURE_AUTORELEASING = YES;
				CLANG_WARN_BOOL_CONVERSION = YES;
				CLANG_WARN_COMMA = YES;
				CLANG_WARN_CONSTANT_CONVERSION = YES;
				CLANG_WARN_DEPRECATED_OBJC_IMPLEMENTATIONS = YES;
				CLANG_WARN_DIRECT_OBJC_ISA_USAGE = YES_ERROR;
				CLANG_WARN_DOCUMENTATION_COMMENTS = YES;
				CLANG_WARN_EMPTY_BODY = YES;
				CLANG_WARN_ENUM_CONVERSION = YES;
				CLANG_WARN_INFINITE_RECURSION = YES;
				CLANG_WARN_INT_CONVERSION = YES;
				CLANG_WARN_NON_LITERAL_NULL_CONVERSION = YES;
				CLANG_WARN_OBJC_IMPLICIT_RETAIN_SELF = YES;
				CLANG_WARN_OBJC_LITERAL_CONVERSION = YES;
				CLANG_WARN_OBJC_ROOT_CLASS = YES_ERROR;
				CLANG_WARN_QUOTED_INCLUDE_IN_FRAMEWORK_HEADER = YES;
				CLANG_WARN_RANGE_LOOP_ANALYSIS = YES;
				CLANG_WARN_STRICT_PROTOTYPES = YES;
				CLANG_WARN_SUSPICIOUS_MOVE = YES;
				CLANG_WARN_UNGUARDED_AVAILABILITY = YES_AGGRESSIVE;
				CLANG_WARN_UNREACHABLE_CODE = YES;
				CLANG_WARN__DUPLICATE_METHOD_MATCH = YES;
				COPY_PHASE_STRIP = NO;
				DEBUG_INFORMATION_FORMAT = "dwarf-with-dsym";
				ENABLE_NS_ASSERTIONS = NO;
				ENABLE_STRICT_OBJC_MSGSEND = YES;
				ENABLE_USER_SCRIPT_SANDBOXING = YES;
				GCC_C_LANGUAGE_STANDARD = gnu17;
				GCC_NO_COMMON_BLOCKS = YES;
				GCC_WARN_64_TO_32_BIT_CONVERSION = YES;
				GCC_WARN_ABOUT_RETURN_TYPE = YES_ERROR;
				GCC_WARN_UNDECLARED_SELECTOR = YES;
				GCC_WARN_UNINITIALIZED_AUTOS = YES_AGGRESSIVE;
				GCC_WARN_UNUSED_FUNCTION = YES;
				GCC_WARN_UNUSED_VARIABLE = YES;
				IPHONEOS_DEPLOYMENT_TARGET = 17.4;
				LOCALIZATION_PREFERS_STRING_CATALOGS = YES;
				MTL_ENABLE_DEBUG_INFO = NO;
				MTL_FAST_MATH = YES;
				SDKROOT = iphoneos;
				SWIFT_COMPILATION_MODE = wholemodule;
				VALIDATE_PRODUCT = YES;
			};
			name = Release;
		};
		948973402BEF31F00072AA66 /* Debug */ = {
			isa = XCBuildConfiguration;
			buildSettings = {
				ASSETCATALOG_COMPILER_APPICON_NAME = AppIcon;
				ASSETCATALOG_COMPILER_GLOBAL_ACCENT_COLOR_NAME = AccentColor;
				CODE_SIGN_STYLE = Automatic;
				CURRENT_PROJECT_VERSION = 1;
				DEVELOPMENT_ASSET_PATHS = "\"Anime/Preview Content\"";
				ENABLE_PREVIEWS = YES;
				GENERATE_INFOPLIST_FILE = YES;
				INFOPLIST_KEY_UIApplicationSceneManifest_Generation = YES;
				INFOPLIST_KEY_UIApplicationSupportsIndirectInputEvents = YES;
				INFOPLIST_KEY_UILaunchScreen_Generation = YES;
				INFOPLIST_KEY_UISupportedInterfaceOrientations_iPad = "UIInterfaceOrientationPortrait UIInterfaceOrientationPortraitUpsideDown UIInterfaceOrientationLandscapeLeft UIInterfaceOrientationLandscapeRight";
				INFOPLIST_KEY_UISupportedInterfaceOrientations_iPhone = "UIInterfaceOrientationPortrait UIInterfaceOrientationLandscapeLeft UIInterfaceOrientationLandscapeRight";
				LD_RUNPATH_SEARCH_PATHS = (
					"$(inherited)",
					"@executable_path/Frameworks",
				);
				MARKETING_VERSION = 1.0;
				PRODUCT_BUNDLE_IDENTIFIER = com.syuhendar.Anime;
				PRODUCT_NAME = "$(TARGET_NAME)";
				SWIFT_EMIT_LOC_STRINGS = YES;
				SWIFT_VERSION = 5.0;
				TARGETED_DEVICE_FAMILY = "1,2";
			};
			name = Debug;
		};
		948973412BEF31F00072AA66 /* Release */ = {
			isa = XCBuildConfiguration;
			buildSettings = {
				ASSETCATALOG_COMPILER_APPICON_NAME = AppIcon;
				ASSETCATALOG_COMPILER_GLOBAL_ACCENT_COLOR_NAME = AccentColor;
				CODE_SIGN_STYLE = Automatic;
				CURRENT_PROJECT_VERSION = 1;
				DEVELOPMENT_ASSET_PATHS = "\"Anime/Preview Content\"";
				ENABLE_PREVIEWS = YES;
				GENERATE_INFOPLIST_FILE = YES;
				INFOPLIST_KEY_UIApplicationSceneManifest_Generation = YES;
				INFOPLIST_KEY_UIApplicationSupportsIndirectInputEvents = YES;
				INFOPLIST_KEY_UILaunchScreen_Generation = YES;
				INFOPLIST_KEY_UISupportedInterfaceOrientations_iPad = "UIInterfaceOrientationPortrait UIInterfaceOrientationPortraitUpsideDown UIInterfaceOrientationLandscapeLeft UIInterfaceOrientationLandscapeRight";
				INFOPLIST_KEY_UISupportedInterfaceOrientations_iPhone = "UIInterfaceOrientationPortrait UIInterfaceOrientationLandscapeLeft UIInterfaceOrientationLandscapeRight";
				LD_RUNPATH_SEARCH_PATHS = (
					"$(inherited)",
					"@executable_path/Frameworks",
				);
				MARKETING_VERSION = 1.0;
				PRODUCT_BUNDLE_IDENTIFIER = com.syuhendar.Anime;
				PRODUCT_NAME = "$(TARGET_NAME)";
				SWIFT_EMIT_LOC_STRINGS = YES;
				SWIFT_VERSION = 5.0;
				TARGETED_DEVICE_FAMILY = "1,2";
			};
			name = Release;
		};
/* End XCBuildConfiguration section */

/* Begin XCConfigurationList section */
		9489732C2BEF31EE0072AA66 /* Build configuration list for PBXProject "Anime" */ = {
			isa = XCConfigurationList;
			buildConfigurations = (
				9489733D2BEF31F00072AA66 /* Debug */,
				9489733E2BEF31F00072AA66 /* Release */,
			);
			defaultConfigurationIsVisible = 0;
			defaultConfigurationName = Release;
		};
		9489733F2BEF31F00072AA66 /* Build configuration list for PBXNativeTarget "Anime" */ = {
			isa = XCConfigurationList;
			buildConfigurations = (
				948973402BEF31F00072AA66 /* Debug */,
				948973412BEF31F00072AA66 /* Release */,
			);
			defaultConfigurationIsVisible = 0;
			defaultConfigurationName = Release;
		};
/* End XCConfigurationList section */

/* Begin XCVersionGroup section */
		9489738D2BF73BEF0072AA66 /* Anime.xcdatamodeld */ = {
			isa = XCVersionGroup;
			children = (
				9489738E2BF73BEF0072AA66 /* Anime.xcdatamodel */,
			);
			currentVersion = 9489738E2BF73BEF0072AA66 /* Anime.xcdatamodel */;
			name = Anime.xcdatamodeld;
			path = "/Users/syuhadarantisi/MyProgram/learn-SwiftUI/Anime/Anime/Anime.xcdatamodeld";
			sourceTree = "<group>";
			versionGroupType = wrapper.xcdatamodel;
		};
/* End XCVersionGroup section */
	};
	rootObject = 948973292BEF31EE0072AA66 /* Project object */;
}
